
Microsoft Visual Studio Solution File, Format Version 12.00
# Visual Studio Version 17
VisualStudioVersion = 17.0.31903.59
MinimumVisualStudioVersion = 10.0.40219.1
Project("{2150E333-8FDC-42A3-9474-1A3956D46DE8}") = "src", "src", "{827E0CD3-B72D-47B6-A68D-7590B98EB39B}"
EndProject
Project("{FAE04EC0-301F-11D3-BF4B-00C04F79EFBC}") = "SportsGurukul.Domain", "src\SportsGurukul.Domain\SportsGurukul.Domain.csproj", "{1ED85185-286B-410C-B129-34A2A5BFEBFA}"
EndProject
Project("{FAE04EC0-301F-11D3-BF4B-00C04F79EFBC}") = "SportsGurukul.Application", "src\SportsGurukul.Application\SportsGurukul.Application.csproj", "{9764A06D-2B84-461E-8168-3758A42B575E}"
EndProject
Project("{FAE04EC0-301F-11D3-BF4B-00C04F79EFBC}") = "SportsGurukul.Infrastructure", "src\SportsGurukul.Infrastructure\SportsGurukul.Infrastructure.csproj", "{57AD73E1-0764-4883-86DD-FD0E7F4EB19C}"
EndProject
Project("{FAE04EC0-301F-11D3-BF4B-00C04F79EFBC}") = "SportsGurukul.Api", "src\SportsGurukul.Api\SportsGurukul.Api.csproj", "{187BF0D3-2BBB-49BD-8105-802A2BF77F41}"
EndProject
Project("{FAE04EC0-301F-11D3-BF4B-00C04F79EFBC}") = "SportsGurukul.UnitTests", "tests\SportsGurukul.UnitTests\SportsGurukul.UnitTests.csproj", "{22D0B15A-3E2A-4439-A01C-4DB082601EE5}"
EndProject
Project("{FAE04EC0-301F-11D3-BF4B-00C04F79EFBC}") = "SportsGurukul.IntegrationTests", "tests\SportsGurukul.IntegrationTests\SportsGurukul.IntegrationTests.csproj", "{3AFE9BD8-F0A5-448F-810F-732F8A3D6B32}"
EndProject
Project("{2150E333-8FDC-42A3-9474-1A3956D46DE8}") = "tests", "tests", "{0AB3BF05-4346-4AA6-1389-037BE0695223}"
EndProject
Project("{FAE04EC0-301F-11D3-BF4B-00C04F79EFBC}") = "SportsGurukul.Application.Tests", "tests\SportsGurukul.Application.Tests\SportsGurukul.Application.Tests.csproj", "{985BCE9F-9C5D-4A31-A660-89BBD0C0BC6B}"
EndProject
Project("{FAE04EC0-301F-11D3-BF4B-00C04F79EFBC}") = "Booking.IntegrationTests", "tests\Booking.IntegrationTests\Booking.IntegrationTests.csproj", "{FC1D3002-FA22-46FD-A8C0-03351D962D85}"
EndProject
Project("{FAE04EC0-301F-11D3-BF4B-00C04F79EFBC}") = "SportsGurukul.Platform.Competition", "src\SportsGurukul.Platform.Competition\SportsGurukul.Platform.Competition.csproj", "{7C3058B5-0D17-40AF-AA1B-81FB62B8FFB6}"
EndProject
Project("{FAE04EC0-301F-11D3-BF4B-00C04F79EFBC}") = "SportsGurukul.Platform.Competition.Tests", "tests\SportsGurukul.Platform.Competition.Tests\SportsGurukul.Platform.Competition.Tests.csproj", "{AAE919D7-8535-4DC9-ABA1-054C36FCCA3C}"
EndProject
Project("{FAE04EC0-301F-11D3-BF4B-00C04F79EFBC}") = "SportsGurukul.Platform.PaymentGateway", "src\SportsGurukul.Platform.PaymentGateway\SportsGurukul.Platform.PaymentGateway.csproj", "{04FE94E0-264C-450E-B64F-A0564BC99ABA}"
EndProject
Project("{FAE04EC0-301F-11D3-BF4B-00C04F79EFBC}") = "SportsGurukul.Platform.PaymentGateway.Tests", "tests\SportsGurukul.Platform.PaymentGateway.Tests\SportsGurukul.Platform.PaymentGateway.Tests.csproj", "{9ECDD37E-3316-44FF-A96F-EC6D05B50AE3}"
EndProject
Project("{FAE04EC0-301F-11D3-BF4B-00C04F79EFBC}") = "SportsGurukul.Platform.FinancialReporting", "src\SportsGurukul.Platform.FinancialReporting\SportsGurukul.Platform.FinancialReporting.csproj", "{38187AF3-F2F5-46FC-8B49-3EC9C7008D84}"
EndProject
Project("{FAE04EC0-301F-11D3-BF4B-00C04F79EFBC}") = "SportsGurukul.Platform.FinancialReporting.Tests", "tests\SportsGurukul.Platform.FinancialReporting.Tests\SportsGurukul.Platform.FinancialReporting.Tests.csproj", "{76AEEAAA-A715-4CA4-899B-08EF6826050E}"
EndProject
Project("{FAE04EC0-301F-11D3-BF4B-00C04F79EFBC}") = "SportsGurukul.Finance.Domain.Tests", "tests\SportsGurukul.Finance.Domain.Tests\SportsGurukul.Finance.Domain.Tests.csproj", "{6D43B540-E3B1-4233-9F27-AFA5B4D021A9}"
EndProject
Project("{FAE04EC0-301F-11D3-BF4B-00C04F79EFBC}") = "SportsGurukul.Finance.Infrastructure.Tests", "tests\SportsGurukul.Finance.Infrastructure.Tests\SportsGurukul.Finance.Infrastructure.Tests.csproj", "{512E6DF9-CE72-4B5F-A82B-508D3F5A4775}"
EndProject
Project("{FAE04EC0-301F-11D3-BF4B-00C04F79EFBC}") = "SportsGurukul.Platform.Communication", "src\SportsGurukul.Platform.Communication\SportsGurukul.Platform.Communication.csproj", "{2BAAA308-4096-4420-BCA4-400C3E311CD1}"
EndProject
Project("{FAE04EC0-301F-11D3-BF4B-00C04F79EFBC}") = "SportsGurukul.Platform.Communication.Analytics", "src\SportsGurukul.Platform.Communication.Analytics\SportsGurukul.Platform.Communication.Analytics.csproj", "{30A085EE-BA75-4704-B60C-9D5381395E7B}"
EndProject
Project("{FAE04EC0-301F-11D3-BF4B-00C04F79EFBC}") = "SportsGurukul.Communication.Domain.Tests", "tests\SportsGurukul.Communication.Domain.Tests\SportsGurukul.Communication.Domain.Tests.csproj", "{6C815383-1CA6-4A54-A19E-056D973670F8}"
EndProject
Project("{FAE04EC0-301F-11D3-BF4B-00C04F79EFBC}") = "SportsGurukul.Communication.Application.Tests", "tests\SportsGurukul.Communication.Application.Tests\SportsGurukul.Communication.Application.Tests.csproj", "{CAAB06A6-E4A0-4319-BD07-6D32B04E6B7D}"
EndProject
Project("{FAE04EC0-301F-11D3-BF4B-00C04F79EFBC}") = "SportsGurukul.Communication.Infrastructure.Tests", "tests\SportsGurukul.Communication.Infrastructure.Tests\SportsGurukul.Communication.Infrastructure.Tests.csproj", "{4A558C08-1CD7-43AC-82E2-B0A68743866F}"
EndProject
Global
	GlobalSection(SolutionConfigurationPlatforms) = preSolution
		Debug|Any CPU = Debug|Any CPU
		Debug|x64 = Debug|x64
		Debug|x86 = Debug|x86
		Release|Any CPU = Release|Any CPU
		Release|x64 = Release|x64
		Release|x86 = Release|x86
	EndGlobalSection
	GlobalSection(ProjectConfigurationPlatforms) = postSolution
		{1ED85185-286B-410C-B129-34A2A5BFEBFA}.Debug|Any CPU.ActiveCfg = Debug|Any CPU
		{1ED85185-286B-410C-B129-34A2A5BFEBFA}.Debug|Any CPU.Build.0 = Debug|Any CPU
		{1ED85185-286B-410C-B129-34A2A5BFEBFA}.Debug|x64.ActiveCfg = Debug|Any CPU
		{1ED85185-286B-410C-B129-34A2A5BFEBFA}.Debug|x64.Build.0 = Debug|Any CPU
		{1ED85185-286B-410C-B129-34A2A5BFEBFA}.Debug|x86.ActiveCfg = Debug|Any CPU
		{1ED85185-286B-410C-B129-34A2A5BFEBFA}.Debug|x86.Build.0 = Debug|Any CPU
		{1ED85185-286B-410C-B129-34A2A5BFEBFA}.Release|Any CPU.ActiveCfg = Release|Any CPU
		{1ED85185-286B-410C-B129-34A2A5BFEBFA}.Release|Any CPU.Build.0 = Release|Any CPU
		{1ED85185-286B-410C-B129-34A2A5BFEBFA}.Release|x64.ActiveCfg = Release|Any CPU
		{1ED85185-286B-410C-B129-34A2A5BFEBFA}.Release|x64.Build.0 = Release|Any CPU
		{1ED85185-286B-410C-B129-34A2A5BFEBFA}.Release|x86.ActiveCfg = Release|Any CPU
		{1ED85185-286B-410C-B129-34A2A5BFEBFA}.Release|x86.Build.0 = Release|Any CPU
		{9764A06D-2B84-461E-8168-3758A42B575E}.Debug|Any CPU.ActiveCfg = Debug|Any CPU
		{9764A06D-2B84-461E-8168-3758A42B575E}.Debug|Any CPU.Build.0 = Debug|Any CPU
		{9764A06D-2B84-461E-8168-3758A42B575E}.Debug|x64.ActiveCfg = Debug|Any CPU
		{9764A06D-2B84-461E-8168-3758A42B575E}.Debug|x64.Build.0 = Debug|Any CPU
		{9764A06D-2B84-461E-8168-3758A42B575E}.Debug|x86.ActiveCfg = Debug|Any CPU
		{9764A06D-2B84-461E-8168-3758A42B575E}.Debug|x86.Build.0 = Debug|Any CPU
		{9764A06D-2B84-461E-8168-3758A42B575E}.Release|Any CPU.ActiveCfg = Release|Any CPU
		{9764A06D-2B84-461E-8168-3758A42B575E}.Release|Any CPU.Build.0 = Release|Any CPU
		{9764A06D-2B84-461E-8168-3758A42B575E}.Release|x64.ActiveCfg = Release|Any CPU
		{9764A06D-2B84-461E-8168-3758A42B575E}.Release|x64.Build.0 = Release|Any CPU
		{9764A06D-2B84-461E-8168-3758A42B575E}.Release|x86.ActiveCfg = Release|Any CPU
		{9764A06D-2B84-461E-8168-3758A42B575E}.Release|x86.Build.0 = Release|Any CPU
		{57AD73E1-0764-4883-86DD-FD0E7F4EB19C}.Debug|Any CPU.ActiveCfg = Debug|Any CPU
		{57AD73E1-0764-4883-86DD-FD0E7F4EB19C}.Debug|Any CPU.Build.0 = Debug|Any CPU
		{57AD73E1-0764-4883-86DD-FD0E7F4EB19C}.Debug|x64.ActiveCfg = Debug|Any CPU
		{57AD73E1-0764-4883-86DD-FD0E7F4EB19C}.Debug|x64.Build.0 = Debug|Any CPU
		{57AD73E1-0764-4883-86DD-FD0E7F4EB19C}.Debug|x86.ActiveCfg = Debug|Any CPU
		{57AD73E1-0764-4883-86DD-FD0E7F4EB19C}.Debug|x86.Build.0 = Debug|Any CPU
		{57AD73E1-0764-4883-86DD-FD0E7F4EB19C}.Release|Any CPU.ActiveCfg = Release|Any CPU
		{57AD73E1-0764-4883-86DD-FD0E7F4EB19C}.Release|Any CPU.Build.0 = Release|Any CPU
		{57AD73E1-0764-4883-86DD-FD0E7F4EB19C}.Release|x64.ActiveCfg = Release|Any CPU
		{57AD73E1-0764-4883-86DD-FD0E7F4EB19C}.Release|x64.Build.0 = Release|Any CPU
		{57AD73E1-0764-4883-86DD-FD0E7F4EB19C}.Release|x86.ActiveCfg = Release|Any CPU
		{57AD73E1-0764-4883-86DD-FD0E7F4EB19C}.Release|x86.Build.0 = Release|Any CPU
		{187BF0D3-2BBB-49BD-8105-802A2BF77F41}.Debug|Any CPU.ActiveCfg = Debug|Any CPU
		{187BF0D3-2BBB-49BD-8105-802A2BF77F41}.Debug|Any CPU.Build.0 = Debug|Any CPU
		{187BF0D3-2BBB-49BD-8105-802A2BF77F41}.Debug|x64.ActiveCfg = Debug|Any CPU
		{187BF0D3-2BBB-49BD-8105-802A2BF77F41}.Debug|x64.Build.0 = Debug|Any CPU
		{187BF0D3-2BBB-49BD-8105-802A2BF77F41}.Debug|x86.ActiveCfg = Debug|Any CPU
		{187BF0D3-2BBB-49BD-8105-802A2BF77F41}.Debug|x86.Build.0 = Debug|Any CPU
		{187BF0D3-2BBB-49BD-8105-802A2BF77F41}.Release|Any CPU.ActiveCfg = Release|Any CPU
		{187BF0D3-2BBB-49BD-8105-802A2BF77F41}.Release|Any CPU.Build.0 = Release|Any CPU
		{187BF0D3-2BBB-49BD-8105-802A2BF77F41}.Release|x64.ActiveCfg = Release|Any CPU
		{187BF0D3-2BBB-49BD-8105-802A2BF77F41}.Release|x64.Build.0 = Release|Any CPU
		{187BF0D3-2BBB-49BD-8105-802A2BF77F41}.Release|x86.ActiveCfg = Release|Any CPU
		{187BF0D3-2BBB-49BD-8105-802A2BF77F41}.Release|x86.Build.0 = Release|Any CPU
		{22D0B15A-3E2A-4439-A01C-4DB082601EE5}.Debug|Any CPU.ActiveCfg = Debug|Any CPU
		{22D0B15A-3E2A-4439-A01C-4DB082601EE5}.Debug|Any CPU.Build.0 = Debug|Any CPU
		{22D0B15A-3E2A-4439-A01C-4DB082601EE5}.Debug|x64.ActiveCfg = Debug|Any CPU
		{22D0B15A-3E2A-4439-A01C-4DB082601EE5}.Debug|x64.Build.0 = Debug|Any CPU
		{22D0B15A-3E2A-4439-A01C-4DB082601EE5}.Debug|x86.ActiveCfg = Debug|Any CPU
		{22D0B15A-3E2A-4439-A01C-4DB082601EE5}.Debug|x86.Build.0 = Debug|Any CPU
		{22D0B15A-3E2A-4439-A01C-4DB082601EE5}.Release|Any CPU.ActiveCfg = Release|Any CPU
		{22D0B15A-3E2A-4439-A01C-4DB082601EE5}.Release|Any CPU.Build.0 = Release|Any CPU
		{22D0B15A-3E2A-4439-A01C-4DB082601EE5}.Release|x64.ActiveCfg = Release|Any CPU
		{22D0B15A-3E2A-4439-A01C-4DB082601EE5}.Release|x64.Build.0 = Release|Any CPU
		{22D0B15A-3E2A-4439-A01C-4DB082601EE5}.Release|x86.ActiveCfg = Release|Any CPU
		{22D0B15A-3E2A-4439-A01C-4DB082601EE5}.Release|x86.Build.0 = Release|Any CPU
		{3AFE9BD8-F0A5-448F-810F-732F8A3D6B32}.Debug|Any CPU.ActiveCfg = Debug|Any CPU
		{3AFE9BD8-F0A5-448F-810F-732F8A3D6B32}.Debug|Any CPU.Build.0 = Debug|Any CPU
		{3AFE9BD8-F0A5-448F-810F-732F8A3D6B32}.Debug|x64.ActiveCfg = Debug|Any CPU
		{3AFE9BD8-F0A5-448F-810F-732F8A3D6B32}.Debug|x64.Build.0 = Debug|Any CPU
		{3AFE9BD8-F0A5-448F-810F-732F8A3D6B32}.Debug|x86.ActiveCfg = Debug|Any CPU
		{3AFE9BD8-F0A5-448F-810F-732F8A3D6B32}.Debug|x86.Build.0 = Debug|Any CPU
		{3AFE9BD8-F0A5-448F-810F-732F8A3D6B32}.Release|Any CPU.ActiveCfg = Release|Any CPU
		{3AFE9BD8-F0A5-448F-810F-732F8A3D6B32}.Release|Any CPU.Build.0 = Release|Any CPU
		{3AFE9BD8-F0A5-448F-810F-732F8A3D6B32}.Release|x64.ActiveCfg = Release|Any CPU
		{3AFE9BD8-F0A5-448F-810F-732F8A3D6B32}.Release|x64.Build.0 = Release|Any CPU
		{3AFE9BD8-F0A5-448F-810F-732F8A3D6B32}.Release|x86.ActiveCfg = Release|Any CPU
		{3AFE9BD8-F0A5-448F-810F-732F8A3D6B32}.Release|x86.Build.0 = Release|Any CPU
		{985BCE9F-9C5D-4A31-A660-89BBD0C0BC6B}.Debug|Any CPU.ActiveCfg = Debug|Any CPU
		{985BCE9F-9C5D-4A31-A660-89BBD0C0BC6B}.Debug|Any CPU.Build.0 = Debug|Any CPU
		{985BCE9F-9C5D-4A31-A660-89BBD0C0BC6B}.Debug|x64.ActiveCfg = Debug|Any CPU
		{985BCE9F-9C5D-4A31-A660-89BBD0C0BC6B}.Debug|x64.Build.0 = Debug|Any CPU
		{985BCE9F-9C5D-4A31-A660-89BBD0C0BC6B}.Debug|x86.ActiveCfg = Debug|Any CPU
		{985BCE9F-9C5D-4A31-A660-89BBD0C0BC6B}.Debug|x86.Build.0 = Debug|Any CPU
		{985BCE9F-9C5D-4A31-A660-89BBD0C0BC6B}.Release|Any CPU.ActiveCfg = Release|Any CPU
		{985BCE9F-9C5D-4A31-A660-89BBD0C0BC6B}.Release|Any CPU.Build.0 = Release|Any CPU
		{985BCE9F-9C5D-4A31-A660-89BBD0C0BC6B}.Release|x64.ActiveCfg = Release|Any CPU
		{985BCE9F-9C5D-4A31-A660-89BBD0C0BC6B}.Release|x64.Build.0 = Release|Any CPU
		{985BCE9F-9C5D-4A31-A660-89BBD0C0BC6B}.Release|x86.ActiveCfg = Release|Any CPU
		{985BCE9F-9C5D-4A31-A660-89BBD0C0BC6B}.Release|x86.Build.0 = Release|Any CPU
		{FC1D3002-FA22-46FD-A8C0-03351D962D85}.Debug|Any CPU.ActiveCfg = Debug|Any CPU
		{FC1D3002-FA22-46FD-A8C0-03351D962D85}.Debug|Any CPU.Build.0 = Debug|Any CPU
		{FC1D3002-FA22-46FD-A8C0-03351D962D85}.Debug|x64.ActiveCfg = Debug|Any CPU
		{FC1D3002-FA22-46FD-A8C0-03351D962D85}.Debug|x64.Build.0 = Debug|Any CPU
		{FC1D3002-FA22-46FD-A8C0-03351D962D85}.Debug|x86.ActiveCfg = Debug|Any CPU
		{FC1D3002-FA22-46FD-A8C0-03351D962D85}.Debug|x86.Build.0 = Debug|Any CPU
		{FC1D3002-FA22-46FD-A8C0-03351D962D85}.Release|Any CPU.ActiveCfg = Release|Any CPU
		{FC1D3002-FA22-46FD-A8C0-03351D962D85}.Release|Any CPU.Build.0 = Release|Any CPU
		{FC1D3002-FA22-46FD-A8C0-03351D962D85}.Release|x64.ActiveCfg = Release|Any CPU
		{FC1D3002-FA22-46FD-A8C0-03351D962D85}.Release|x64.Build.0 = Release|Any CPU
		{FC1D3002-FA22-46FD-A8C0-03351D962D85}.Release|x86.ActiveCfg = Release|Any CPU
		{FC1D3002-FA22-46FD-A8C0-03351D962D85}.Release|x86.Build.0 = Release|Any CPU
		{7C3058B5-0D17-40AF-AA1B-81FB62B8FFB6}.Debug|Any CPU.ActiveCfg = Debug|Any CPU
		{7C3058B5-0D17-40AF-AA1B-81FB62B8FFB6}.Debug|Any CPU.Build.0 = Debug|Any CPU
		{7C3058B5-0D17-40AF-AA1B-81FB62B8FFB6}.Debug|x64.ActiveCfg = Debug|Any CPU
		{7C3058B5-0D17-40AF-AA1B-81FB62B8FFB6}.Debug|x64.Build.0 = Debug|Any CPU
		{7C3058B5-0D17-40AF-AA1B-81FB62B8FFB6}.Debug|x86.ActiveCfg = Debug|Any CPU
		{7C3058B5-0D17-40AF-AA1B-81FB62B8FFB6}.Debug|x86.Build.0 = Debug|Any CPU
		{7C3058B5-0D17-40AF-AA1B-81FB62B8FFB6}.Release|Any CPU.ActiveCfg = Release|Any CPU
		{7C3058B5-0D17-40AF-AA1B-81FB62B8FFB6}.Release|Any CPU.Build.0 = Release|Any CPU
		{7C3058B5-0D17-40AF-AA1B-81FB62B8FFB6}.Release|x64.ActiveCfg = Release|Any CPU
		{7C3058B5-0D17-40AF-AA1B-81FB62B8FFB6}.Release|x64.Build.0 = Release|Any CPU
		{7C3058B5-0D17-40AF-AA1B-81FB62B8FFB6}.Release|x86.ActiveCfg = Release|Any CPU
		{7C3058B5-0D17-40AF-AA1B-81FB62B8FFB6}.Release|x86.Build.0 = Release|Any CPU
		{AAE919D7-8535-4DC9-ABA1-054C36FCCA3C}.Debug|Any CPU.ActiveCfg = Debug|Any CPU
		{AAE919D7-8535-4DC9-ABA1-054C36FCCA3C}.Debug|Any CPU.Build.0 = Debug|Any CPU
		{AAE919D7-8535-4DC9-ABA1-054C36FCCA3C}.Debug|x64.ActiveCfg = Debug|Any CPU
		{AAE919D7-8535-4DC9-ABA1-054C36FCCA3C}.Debug|x64.Build.0 = Debug|Any CPU
		{AAE919D7-8535-4DC9-ABA1-054C36FCCA3C}.Debug|x86.ActiveCfg = Debug|Any CPU
		{AAE919D7-8535-4DC9-ABA1-054C36FCCA3C}.Debug|x86.Build.0 = Debug|Any CPU
		{AAE919D7-8535-4DC9-ABA1-054C36FCCA3C}.Release|Any CPU.ActiveCfg = Release|Any CPU
		{AAE919D7-8535-4DC9-ABA1-054C36FCCA3C}.Release|Any CPU.Build.0 = Release|Any CPU
		{AAE919D7-8535-4DC9-ABA1-054C36FCCA3C}.Release|x64.ActiveCfg = Release|Any CPU
		{AAE919D7-8535-4DC9-ABA1-054C36FCCA3C}.Release|x64.Build.0 = Release|Any CPU
		{AAE919D7-8535-4DC9-ABA1-054C36FCCA3C}.Release|x86.ActiveCfg = Release|Any CPU
		{AAE919D7-8535-4DC9-ABA1-054C36FCCA3C}.Release|x86.Build.0 = Release|Any CPU
		{04FE94E0-264C-450E-B64F-A0564BC99ABA}.Debug|Any CPU.ActiveCfg = Debug|Any CPU
		{04FE94E0-264C-450E-B64F-A0564BC99ABA}.Debug|Any CPU.Build.0 = Debug|Any CPU
		{04FE94E0-264C-450E-B64F-A0564BC99ABA}.Debug|x64.ActiveCfg = Debug|Any CPU
		{04FE94E0-264C-450E-B64F-A0564BC99ABA}.Debug|x64.Build.0 = Debug|Any CPU
		{04FE94E0-264C-450E-B64F-A0564BC99ABA}.Debug|x86.ActiveCfg = Debug|Any CPU
		{04FE94E0-264C-450E-B64F-A0564BC99ABA}.Debug|x86.Build.0 = Debug|Any CPU
		{04FE94E0-264C-450E-B64F-A0564BC99ABA}.Release|Any CPU.ActiveCfg = Release|Any CPU
		{04FE94E0-264C-450E-B64F-A0564BC99ABA}.Release|Any CPU.Build.0 = Release|Any CPU
		{04FE94E0-264C-450E-B64F-A0564BC99ABA}.Release|x64.ActiveCfg = Release|Any CPU
		{04FE94E0-264C-450E-B64F-A0564BC99ABA}.Release|x64.Build.0 = Release|Any CPU
		{04FE94E0-264C-450E-B64F-A0564BC99ABA}.Release|x86.ActiveCfg = Release|Any CPU
		{04FE94E0-264C-450E-B64F-A0564BC99ABA}.Release|x86.Build.0 = Release|Any CPU
		{9ECDD37E-3316-44FF-A96F-EC6D05B50AE3}.Debug|Any CPU.ActiveCfg = Debug|Any CPU
		{9ECDD37E-3316-44FF-A96F-EC6D05B50AE3}.Debug|Any CPU.Build.0 = Debug|Any CPU
		{9ECDD37E-3316-44FF-A96F-EC6D05B50AE3}.Debug|x64.ActiveCfg = Debug|Any CPU
		{9ECDD37E-3316-44FF-A96F-EC6D05B50AE3}.Debug|x64.Build.0 = Debug|Any CPU
		{9ECDD37E-3316-44FF-A96F-EC6D05B50AE3}.Debug|x86.ActiveCfg = Debug|Any CPU
		{9ECDD37E-3316-44FF-A96F-EC6D05B50AE3}.Debug|x86.Build.0 = Debug|Any CPU
		{9ECDD37E-3316-44FF-A96F-EC6D05B50AE3}.Release|Any CPU.ActiveCfg = Release|Any CPU
		{9ECDD37E-3316-44FF-A96F-EC6D05B50AE3}.Release|Any CPU.Build.0 = Release|Any CPU
		{9ECDD37E-3316-44FF-A96F-EC6D05B50AE3}.Release|x64.ActiveCfg = Release|Any CPU
		{9ECDD37E-3316-44FF-A96F-EC6D05B50AE3}.Release|x64.Build.0 = Release|Any CPU
		{9ECDD37E-3316-44FF-A96F-EC6D05B50AE3}.Release|x86.ActiveCfg = Release|Any CPU
		{9ECDD37E-3316-44FF-A96F-EC6D05B50AE3}.Release|x86.Build.0 = Release|Any CPU
		{38187AF3-F2F5-46FC-8B49-3EC9C7008D84}.Debug|Any CPU.ActiveCfg = Debug|Any CPU
		{38187AF3-F2F5-46FC-8B49-3EC9C7008D84}.Debug|Any CPU.Build.0 = Debug|Any CPU
		{38187AF3-F2F5-46FC-8B49-3EC9C7008D84}.Debug|x64.ActiveCfg = Debug|Any CPU
		{38187AF3-F2F5-46FC-8B49-3EC9C7008D84}.Debug|x64.Build.0 = Debug|Any CPU
		{38187AF3-F2F5-46FC-8B49-3EC9C7008D84}.Debug|x86.ActiveCfg = Debug|Any CPU
		{38187AF3-F2F5-46FC-8B49-3EC9C7008D84}.Debug|x86.Build.0 = Debug|Any CPU
		{38187AF3-F2F5-46FC-8B49-3EC9C7008D84}.Release|Any CPU.ActiveCfg = Release|Any CPU
		{38187AF3-F2F5-46FC-8B49-3EC9C7008D84}.Release|Any CPU.Build.0 = Release|Any CPU
		{38187AF3-F2F5-46FC-8B49-3EC9C7008D84}.Release|x64.ActiveCfg = Release|Any CPU
		{38187AF3-F2F5-46FC-8B49-3EC9C7008D84}.Release|x64.Build.0 = Release|Any CPU
		{38187AF3-F2F5-46FC-8B49-3EC9C7008D84}.Release|x86.ActiveCfg = Release|Any CPU
		{38187AF3-F2F5-46FC-8B49-3EC9C7008D84}.Release|x86.Build.0 = Release|Any CPU
		{76AEEAAA-A715-4CA4-899B-08EF6826050E}.Debug|Any CPU.ActiveCfg = Debug|Any CPU
		{76AEEAAA-A715-4CA4-899B-08EF6826050E}.Debug|Any CPU.Build.0 = Debug|Any CPU
		{76AEEAAA-A715-4CA4-899B-08EF6826050E}.Debug|x64.ActiveCfg = Debug|Any CPU
		{76AEEAAA-A715-4CA4-899B-08EF6826050E}.Debug|x64.Build.0 = Debug|Any CPU
		{76AEEAAA-A715-4CA4-899B-08EF6826050E}.Debug|x86.ActiveCfg = Debug|Any CPU
		{76AEEAAA-A715-4CA4-899B-08EF6826050E}.Debug|x86.Build.0 = Debug|Any CPU
		{76AEEAAA-A715-4CA4-899B-08EF6826050E}.Release|Any CPU.ActiveCfg = Release|Any CPU
		{76AEEAAA-A715-4CA4-899B-08EF6826050E}.Release|Any CPU.Build.0 = Release|Any CPU
		{76AEEAAA-A715-4CA4-899B-08EF6826050E}.Release|x64.ActiveCfg = Release|Any CPU
		{76AEEAAA-A715-4CA4-899B-08EF6826050E}.Release|x64.Build.0 = Release|Any CPU
		{76AEEAAA-A715-4CA4-899B-08EF6826050E}.Release|x86.ActiveCfg = Release|Any CPU
		{76AEEAAA-A715-4CA4-899B-08EF6826050E}.Release|x86.Build.0 = Release|Any CPU
		{6D43B540-E3B1-4233-9F27-AFA5B4D021A9}.Debug|Any CPU.ActiveCfg = Debug|Any CPU
		{6D43B540-E3B1-4233-9F27-AFA5B4D021A9}.Debug|Any CPU.Build.0 = Debug|Any CPU
		{6D43B540-E3B1-4233-9F27-AFA5B4D021A9}.Debug|x64.ActiveCfg = Debug|Any CPU
		{6D43B540-E3B1-4233-9F27-AFA5B4D021A9}.Debug|x64.Build.0 = Debug|Any CPU
		{6D43B540-E3B1-4233-9F27-AFA5B4D021A9}.Debug|x86.ActiveCfg = Debug|Any CPU
		{6D43B540-E3B1-4233-9F27-AFA5B4D021A9}.Debug|x86.Build.0 = Debug|Any CPU
		{6D43B540-E3B1-4233-9F27-AFA5B4D021A9}.Release|Any CPU.ActiveCfg = Release|Any CPU
		{6D43B540-E3B1-4233-9F27-AFA5B4D021A9}.Release|Any CPU.Build.0 = Release|Any CPU
		{6D43B540-E3B1-4233-9F27-AFA5B4D021A9}.Release|x64.ActiveCfg = Release|Any CPU
		{6D43B540-E3B1-4233-9F27-AFA5B4D021A9}.Release|x64.Build.0 = Release|Any CPU
		{6D43B540-E3B1-4233-9F27-AFA5B4D021A9}.Release|x86.ActiveCfg = Release|Any CPU
		{6D43B540-E3B1-4233-9F27-AFA5B4D021A9}.Release|x86.Build.0 = Release|Any CPU
		{512E6DF9-CE72-4B5F-A82B-508D3F5A4775}.Debug|Any CPU.ActiveCfg = Debug|Any CPU
		{512E6DF9-CE72-4B5F-A82B-508D3F5A4775}.Debug|Any CPU.Build.0 = Debug|Any CPU
		{512E6DF9-CE72-4B5F-A82B-508D3F5A4775}.Debug|x64.ActiveCfg = Debug|Any CPU
		{512E6DF9-CE72-4B5F-A82B-508D3F5A4775}.Debug|x64.Build.0 = Debug|Any CPU
		{512E6DF9-CE72-4B5F-A82B-508D3F5A4775}.Debug|x86.ActiveCfg = Debug|Any CPU
		{512E6DF9-CE72-4B5F-A82B-508D3F5A4775}.Debug|x86.Build.0 = Debug|Any CPU
		{512E6DF9-CE72-4B5F-A82B-508D3F5A4775}.Release|Any CPU.ActiveCfg = Release|Any CPU
		{512E6DF9-CE72-4B5F-A82B-508D3F5A4775}.Release|Any CPU.Build.0 = Release|Any CPU
		{512E6DF9-CE72-4B5F-A82B-508D3F5A4775}.Release|x64.ActiveCfg = Release|Any CPU
		{512E6DF9-CE72-4B5F-A82B-508D3F5A4775}.Release|x64.Build.0 = Release|Any CPU
		{512E6DF9-CE72-4B5F-A82B-508D3F5A4775}.Release|x86.ActiveCfg = Release|Any CPU
		{512E6DF9-CE72-4B5F-A82B-508D3F5A4775}.Release|x86.Build.0 = Release|Any CPU
		{2BAAA308-4096-4420-BCA4-400C3E311CD1}.Debug|Any CPU.ActiveCfg = Debug|Any CPU
		{2BAAA308-4096-4420-BCA4-400C3E311CD1}.Debug|Any CPU.Build.0 = Debug|Any CPU
		{2BAAA308-4096-4420-BCA4-400C3E311CD1}.Debug|x64.ActiveCfg = Debug|Any CPU
		{2BAAA308-4096-4420-BCA4-400C3E311CD1}.Debug|x64.Build.0 = Debug|Any CPU
		{2BAAA308-4096-4420-BCA4-400C3E311CD1}.Debug|x86.ActiveCfg = Debug|Any CPU
		{2BAAA308-4096-4420-BCA4-400C3E311CD1}.Debug|x86.Build.0 = Debug|Any CPU
		{2BAAA308-4096-4420-BCA4-400C3E311CD1}.Release|Any CPU.ActiveCfg = Release|Any CPU
		{2BAAA308-4096-4420-BCA4-400C3E311CD1}.Release|Any CPU.Build.0 = Release|Any CPU
		{2BAAA308-4096-4420-BCA4-400C3E311CD1}.Release|x64.ActiveCfg = Release|Any CPU
		{2BAAA308-4096-4420-BCA4-400C3E311CD1}.Release|x64.Build.0 = Release|Any CPU
		{2BAAA308-4096-4420-BCA4-400C3E311CD1}.Release|x86.ActiveCfg = Release|Any CPU
		{2BAAA308-4096-4420-BCA4-400C3E311CD1}.Release|x86.Build.0 = Release|Any CPU
		{30A085EE-BA75-4704-B60C-9D5381395E7B}.Debug|Any CPU.ActiveCfg = Debug|Any CPU
		{30A085EE-BA75-4704-B60C-9D5381395E7B}.Debug|Any CPU.Build.0 = Debug|Any CPU
		{30A085EE-BA75-4704-B60C-9D5381395E7B}.Debug|x64.ActiveCfg = Debug|Any CPU
		{30A085EE-BA75-4704-B60C-9D5381395E7B}.Debug|x64.Build.0 = Debug|Any CPU
		{30A085EE-BA75-4704-B60C-9D5381395E7B}.Debug|x86.ActiveCfg = Debug|Any CPU
		{30A085EE-BA75-4704-B60C-9D5381395E7B}.Debug|x86.Build.0 = Debug|Any CPU
		{30A085EE-BA75-4704-B60C-9D5381395E7B}.Release|Any CPU.ActiveCfg = Release|Any CPU
		{30A085EE-BA75-4704-B60C-9D5381395E7B}.Release|Any CPU.Build.0 = Release|Any CPU
		{30A085EE-BA75-4704-B60C-9D5381395E7B}.Release|x64.ActiveCfg = Release|Any CPU
		{30A085EE-BA75-4704-B60C-9D5381395E7B}.Release|x64.Build.0 = Release|Any CPU
		{30A085EE-BA75-4704-B60C-9D5381395E7B}.Release|x86.ActiveCfg = Release|Any CPU
		{30A085EE-BA75-4704-B60C-9D5381395E7B}.Release|x86.Build.0 = Release|Any CPU
		{6C815383-1CA6-4A54-A19E-056D973670F8}.Debug|Any CPU.ActiveCfg = Debug|Any CPU
		{6C815383-1CA6-4A54-A19E-056D973670F8}.Debug|Any CPU.Build.0 = Debug|Any CPU
		{6C815383-1CA6-4A54-A19E-056D973670F8}.Debug|x64.ActiveCfg = Debug|Any CPU
		{6C815383-1CA6-4A54-A19E-056D973670F8}.Debug|x64.Build.0 = Debug|Any CPU
		{6C815383-1CA6-4A54-A19E-056D973670F8}.Debug|x86.ActiveCfg = Debug|Any CPU
		{6C815383-1CA6-4A54-A19E-056D973670F8}.Debug|x86.Build.0 = Debug|Any CPU
		{6C815383-1CA6-4A54-A19E-056D973670F8}.Release|Any CPU.ActiveCfg = Release|Any CPU
		{6C815383-1CA6-4A54-A19E-056D973670F8}.Release|Any CPU.Build.0 = Release|Any CPU
		{6C815383-1CA6-4A54-A19E-056D973670F8}.Release|x64.ActiveCfg = Release|Any CPU
		{6C815383-1CA6-4A54-A19E-056D973670F8}.Release|x64.Build.0 = Release|Any CPU
		{6C815383-1CA6-4A54-A19E-056D973670F8}.Release|x86.ActiveCfg = Release|Any CPU
		{6C815383-1CA6-4A54-A19E-056D973670F8}.Release|x86.Build.0 = Release|Any CPU
		{CAAB06A6-E4A0-4319-BD07-6D32B04E6B7D}.Debug|Any CPU.ActiveCfg = Debug|Any CPU
		{CAAB06A6-E4A0-4319-BD07-6D32B04E6B7D}.Debug|Any CPU.Build.0 = Debug|Any CPU
		{CAAB06A6-E4A0-4319-BD07-6D32B04E6B7D}.Debug|x64.ActiveCfg = Debug|Any CPU
		{CAAB06A6-E4A0-4319-BD07-6D32B04E6B7D}.Debug|x64.Build.0 = Debug|Any CPU
		{CAAB06A6-E4A0-4319-BD07-6D32B04E6B7D}.Debug|x86.ActiveCfg = Debug|Any CPU
		{CAAB06A6-E4A0-4319-BD07-6D32B04E6B7D}.Debug|x86.Build.0 = Debug|Any CPU
		{CAAB06A6-E4A0-4319-BD07-6D32B04E6B7D}.Release|Any CPU.ActiveCfg = Release|Any CPU
		{CAAB06A6-E4A0-4319-BD07-6D32B04E6B7D}.Release|Any CPU.Build.0 = Release|Any CPU
		{CAAB06A6-E4A0-4319-BD07-6D32B04E6B7D}.Release|x64.ActiveCfg = Release|Any CPU
		{CAAB06A6-E4A0-4319-BD07-6D32B04E6B7D}.Release|x64.Build.0 = Release|Any CPU
		{CAAB06A6-E4A0-4319-BD07-6D32B04E6B7D}.Release|x86.ActiveCfg = Release|Any CPU
		{CAAB06A6-E4A0-4319-BD07-6D32B04E6B7D}.Release|x86.Build.0 = Release|Any CPU
		{4A558C08-1CD7-43AC-82E2-B0A68743866F}.Debug|Any CPU.ActiveCfg = Debug|Any CPU
		{4A558C08-1CD7-43AC-82E2-B0A68743866F}.Debug|Any CPU.Build.0 = Debug|Any CPU
		{4A558C08-1CD7-43AC-82E2-B0A68743866F}.Debug|x64.ActiveCfg = Debug|Any CPU
		{4A558C08-1CD7-43AC-82E2-B0A68743866F}.Debug|x64.Build.0 = Debug|Any CPU
		{4A558C08-1CD7-43AC-82E2-B0A68743866F}.Debug|x86.ActiveCfg = Debug|Any CPU
		{4A558C08-1CD7-43AC-82E2-B0A68743866F}.Debug|x86.Build.0 = Debug|Any CPU
		{4A558C08-1CD7-43AC-82E2-B0A68743866F}.Release|Any CPU.ActiveCfg = Release|Any CPU
		{4A558C08-1CD7-43AC-82E2-B0A68743866F}.Release|Any CPU.Build.0 = Release|Any CPU
		{4A558C08-1CD7-43AC-82E2-B0A68743866F}.Release|x64.ActiveCfg = Release|Any CPU
		{4A558C08-1CD7-43AC-82E2-B0A68743866F}.Release|x64.Build.0 = Release|Any CPU
		{4A558C08-1CD7-43AC-82E2-B0A68743866F}.Release|x86.ActiveCfg = Release|Any CPU
		{4A558C08-1CD7-43AC-82E2-B0A68743866F}.Release|x86.Build.0 = Release|Any CPU
	EndGlobalSection
	GlobalSection(SolutionProperties) = preSolution
		HideSolutionNode = FALSE
	EndGlobalSection
	GlobalSection(NestedProjects) = preSolution
		{1ED85185-286B-410C-B129-34A2A5BFEBFA} = {827E0CD3-B72D-47B6-A68D-7590B98EB39B}
		{9764A06D-2B84-461E-8168-3758A42B575E} = {827E0CD3-B72D-47B6-A68D-7590B98EB39B}
		{57AD73E1-0764-4883-86DD-FD0E7F4EB19C} = {827E0CD3-B72D-47B6-A68D-7590B98EB39B}
		{187BF0D3-2BBB-49BD-8105-802A2BF77F41} = {827E0CD3-B72D-47B6-A68D-7590B98EB39B}
		{22D0B15A-3E2A-4439-A01C-4DB082601EE5} = {827E0CD3-B72D-47B6-A68D-7590B98EB39B}
		{3AFE9BD8-F0A5-448F-810F-732F8A3D6B32} = {827E0CD3-B72D-47B6-A68D-7590B98EB39B}
		{985BCE9F-9C5D-4A31-A660-89BBD0C0BC6B} = {0AB3BF05-4346-4AA6-1389-037BE0695223}
		{FC1D3002-FA22-46FD-A8C0-03351D962D85} = {0AB3BF05-4346-4AA6-1389-037BE0695223}
		{7C3058B5-0D17-40AF-AA1B-81FB62B8FFB6} = {827E0CD3-B72D-47B6-A68D-7590B98EB39B}
		{AAE919D7-8535-4DC9-ABA1-054C36FCCA3C} = {0AB3BF05-4346-4AA6-1389-037BE0695223}
		{04FE94E0-264C-450E-B64F-A0564BC99ABA} = {827E0CD3-B72D-47B6-A68D-7590B98EB39B}
		{9ECDD37E-3316-44FF-A96F-EC6D05B50AE3} = {0AB3BF05-4346-4AA6-1389-037BE0695223}
		{38187AF3-F2F5-46FC-8B49-3EC9C7008D84} = {827E0CD3-B72D-47B6-A68D-7590B98EB39B}
		{76AEEAAA-A715-4CA4-899B-08EF6826050E} = {0AB3BF05-4346-4AA6-1389-037BE0695223}
		{6D43B540-E3B1-4233-9F27-AFA5B4D021A9} = {0AB3BF05-4346-4AA6-1389-037BE0695223}
		{512E6DF9-CE72-4B5F-A82B-508D3F5A4775} = {0AB3BF05-4346-4AA6-1389-037BE0695223}
		{2BAAA308-4096-4420-BCA4-400C3E311CD1} = {827E0CD3-B72D-47B6-A68D-7590B98EB39B}
		{30A085EE-BA75-4704-B60C-9D5381395E7B} = {827E0CD3-B72D-47B6-A68D-7590B98EB39B}
		{6C815383-1CA6-4A54-A19E-056D973670F8} = {0AB3BF05-4346-4AA6-1389-037BE0695223}
		{CAAB06A6-E4A0-4319-BD07-6D32B04E6B7D} = {0AB3BF05-4346-4AA6-1389-037BE0695223}
		{4A558C08-1CD7-43AC-82E2-B0A68743866F} = {0AB3BF05-4346-4AA6-1389-037BE0695223}
	EndGlobalSection
EndGlobal
